{
  "nodes": {
    "nix-packages": {
      "inputs": {
        "nixpkgs": [
          "nixpkgs"
        ]
      },
      "locked": {
        "lastModified": 1777990080,
        "narHash": "sha256-Ts2qqCUmIoE3vzHRFZUoMhNzvUzkNDkGEOGfUTXjdBE=",
        "owner": "wimpysworld",
        "repo": "nix-packages",
        "rev": "a17fbb009e61cf93bbce69030767c7537b81eb32",
        "type": "github"
      },
      "original": {
        "owner": "wimpysworld",
        "repo": "nix-packages",
        "type": "github"
      }
    },
    "nixpkgs": {
      "locked": {
        "lastModified": 1776548001,
        "narHash": "sha256-ZSK0NL4a1BwVbbTBoSnWgbJy9HeZFXLYQizjb2DPF24=",
        "owner": "nixos",
        "repo": "nixpkgs",
        "rev": "b12141ef619e0a9c1c84dc8c684040326f27cdcc",
        "type": "github"
      },
      "original": {
        "owner": "nixos",
        "ref": "nixos-unstable",
        "repo": "nixpkgs",
        "type": "github"
      }
    },
    "root": {
      "inputs": {
        "nix-packages": "nix-packages",
        "nixpkgs": "nixpkgs"
      }
    }
  },
  "root": "root",
  "version": 7
}
